
Microsoft Visual Studio Solution File, Format Version 12.00
# Visual Studio Version 17
VisualStudioVersion = 17.7.34031.279
MinimumVisualStudioVersion = 10.0.40219.1
Project("{9A19103F-16F7-4668-BE54-9A1E7A4F7556}") = "TimeCafe", "TimeCafe.csproj", "{BE121212-6672-4A3C-A5FD-06CBF016F69D}"
EndProject
Project("{9A19103F-16F7-4668-BE54-9A1E7A4F7556}") = "TimeCafe.DAL", "..\TimeCafe.DAL\TimeCafe.DAL.csproj", "{C49C9057-2A46-4E97-B916-27E19F16DD1A}"
EndProject
Project("{FAE04EC0-301F-11D3-BF4B-00C04F79EFBC}") = "TimeCafe.Services", "..\TimeCafe.Services\TimeCafe.Services.csproj", "{C482D0B3-4116-43D9-BC23-0FBB81B4ACBD}"
EndProject
Global
	GlobalSection(SolutionConfigurationPlatforms) = preSolution
		Debug|Any CPU = Debug|Any CPU
		Release|Any CPU = Release|Any CPU
	EndGlobalSection
	GlobalSection(ProjectConfigurationPlatforms) = postSolution
		{BE121212-6672-4A3C-A5FD-06CBF016F69D}.Debug|Any CPU.ActiveCfg = Debug|Any CPU
		{BE121212-6672-4A3C-A5FD-06CBF016F69D}.Debug|Any CPU.Build.0 = Debug|Any CPU
		{BE121212-6672-4A3C-A5FD-06CBF016F69D}.Release|Any CPU.ActiveCfg = Release|Any CPU
		{BE121212-6672-4A3C-A5FD-06CBF016F69D}.Release|Any CPU.Build.0 = Release|Any CPU
		{C49C9057-2A46-4E97-B916-27E19F16DD1A}.Debug|Any CPU.ActiveCfg = Debug|Any CPU
		{C49C9057-2A46-4E97-B916-27E19F16DD1A}.Debug|Any CPU.Build.0 = Debug|Any CPU
		{C49C9057-2A46-4E97-B916-27E19F16DD1A}.Release|Any CPU.ActiveCfg = Release|Any CPU
		{C49C9057-2A46-4E97-B916-27E19F16DD1A}.Release|Any CPU.Build.0 = Release|Any CPU
		{C482D0B3-4116-43D9-BC23-0FBB81B4ACBD}.Debug|Any CPU.ActiveCfg = Debug|Any CPU
		{C482D0B3-4116-43D9-BC23-0FBB81B4ACBD}.Debug|Any CPU.Build.0 = Debug|Any CPU
		{C482D0B3-4116-43D9-BC23-0FBB81B4ACBD}.Release|Any CPU.ActiveCfg = Release|Any CPU
		{C482D0B3-4116-43D9-BC23-0FBB81B4ACBD}.Release|Any CPU.Build.0 = Release|Any CPU
	EndGlobalSection
	GlobalSection(SolutionProperties) = preSolution
		HideSolutionNode = FALSE
	EndGlobalSection
	GlobalSection(ExtensibilityGlobals) = postSolution
		SolutionGuid = {0E1D6F58-EF03-4184-A426-1FE6A88AC6E7}
	EndGlobalSection
EndGlobal
